{
  "name": "asp.net",
  "version": "1.0.0",
  "lockfileVersion": 1,
  "requires": true,
  "dependencies": {
    "@syncfusion/ej2": {
      "version": "17.1.51",
      "resolved": "https://registry.npmjs.org/@syncfusion/ej2/-/ej2-17.1.51.tgz",
      "integrity": "sha512-TkJgYQXbehiDTKnI4GYjGUhodRjY0dhF52vPmDM0Ohb/3A3QJHoU8hGw1Vnsi2XHyxW/sJOfsUFnMpVsH9wjCA==",
      "requires": {
        "@syncfusion/ej2-base": "~17.1.49",
        "@syncfusion/ej2-buttons": "~17.1.50",
        "@syncfusion/ej2-calendars": "~17.1.51",
        "@syncfusion/ej2-charts": "~17.1.51",
        "@syncfusion/ej2-circulargauge": "~17.1.50",
        "@syncfusion/ej2-compression": "~17.1.47",
        "@syncfusion/ej2-data": "~17.1.51",
        "@syncfusion/ej2-diagrams": "~17.1.50",
        "@syncfusion/ej2-documenteditor": "~17.1.50",
        "@syncfusion/ej2-dropdowns": "~17.1.49",
        "@syncfusion/ej2-excel-export": "~17.1.50",
        "@syncfusion/ej2-file-utils": "~17.1.47",
        "@syncfusion/ej2-filemanager": "~17.1.48",
        "@syncfusion/ej2-gantt": "~17.1.49",
        "@syncfusion/ej2-grids": "~17.1.51",
        "@syncfusion/ej2-heatmap": "~17.1.47",
        "@syncfusion/ej2-icons": "~17.1.47",
        "@syncfusion/ej2-inplace-editor": "~17.1.51",
        "@syncfusion/ej2-inputs": "~17.1.50",
        "@syncfusion/ej2-layouts": "~17.1.51",
        "@syncfusion/ej2-lineargauge": "~17.1.48",
        "@syncfusion/ej2-lists": "~17.1.47",
        "@syncfusion/ej2-maps": "~17.1.51",
        "@syncfusion/ej2-navigations": "~17.1.49",
        "@syncfusion/ej2-notifications": "~17.1.48",
        "@syncfusion/ej2-pdf-export": "~17.1.48",
        "@syncfusion/ej2-pdfviewer": "~17.1.51",
        "@syncfusion/ej2-pivotview": "~17.1.49",
        "@syncfusion/ej2-popups": "~17.1.50",
        "@syncfusion/ej2-querybuilder": "~17.1.51",
        "@syncfusion/ej2-richtexteditor": "~17.1.49",
        "@syncfusion/ej2-schedule": "~17.1.51",
        "@syncfusion/ej2-splitbuttons": "~17.1.51",
        "@syncfusion/ej2-svg-base": "~17.1.48",
        "@syncfusion/ej2-treegrid": "~17.1.51",
        "@syncfusion/ej2-treemap": "~17.1.48",
        "tslib": "^1.8.0"
      }
    },
    "@syncfusion/ej2-base": {
      "version": "17.1.49",
      "resolved": "https://registry.npmjs.org/@syncfusion/ej2-base/-/ej2-base-17.1.49.tgz",
      "integrity": "sha512-KssPWOZfJC3ekBXP5j9l+1lpIac3RfxfwZHyUqnyv53wFBBvW0cAQuZLBjmJbPDPZwvFi0INs5BKoEmuduM15Q==",
      "requires": {
        "@syncfusion/ej2-icons": "~17.1.47"
      }
    },
    "@syncfusion/ej2-buttons": {
      "version": "17.1.50",
      "resolved": "https://registry.npmjs.org/@syncfusion/ej2-buttons/-/ej2-buttons-17.1.50.tgz",
      "integrity": "sha512-8FM7fZ0ueOCDj70MZMzKGcWHD4W0/qGNR/qP0rrTOPNTGdmppKUYuFWvYZgvQnHxI4bjwlxsN4HrFycRIB5dbA==",
      "requires": {
        "@syncfusion/ej2-base": "~17.1.49"
      }
    },
    "@syncfusion/ej2-calendars": {
      "version": "17.1.51",
      "resolved": "https://registry.npmjs.org/@syncfusion/ej2-calendars/-/ej2-calendars-17.1.51.tgz",
      "integrity": "sha512-m+niD1lNTlSHNtJZR3QtjSk8QuYv5SEWfhoYPDBHFJikA0YqYlXliPRwgqA0jpgqnpVA5rzYe2dPPr48BuqUyA==",
      "requires": {
        "@syncfusion/ej2-base": "~17.1.49",
        "@syncfusion/ej2-buttons": "~17.1.50",
        "@syncfusion/ej2-inputs": "~17.1.50",
        "@syncfusion/ej2-lists": "~17.1.47",
        "@syncfusion/ej2-popups": "~17.1.50"
      }
    },
    "@syncfusion/ej2-charts": {
      "version": "17.1.51",
      "resolved": "https://registry.npmjs.org/@syncfusion/ej2-charts/-/ej2-charts-17.1.51.tgz",
      "integrity": "sha512-nHVoRGX1gqo5WqCtBr66vWltdH3Z/CS951GLsDEQXVN628j0Wxd/5KICivaEjjLVhI3c+OnLiNhffOUqaIZsPg==",
      "requires": {
        "@syncfusion/ej2-base": "~17.1.49",
        "@syncfusion/ej2-calendars": "~17.1.51",
        "@syncfusion/ej2-compression": "~17.1.47",
        "@syncfusion/ej2-data": "~17.1.51",
        "@syncfusion/ej2-file-utils": "~17.1.47",
        "@syncfusion/ej2-navigations": "~17.1.49",
        "@syncfusion/ej2-pdf-export": "~17.1.48",
        "@syncfusion/ej2-svg-base": "~17.1.48"
      }
    },
    "@syncfusion/ej2-circulargauge": {
      "version": "17.1.50",
      "resolved": "https://registry.npmjs.org/@syncfusion/ej2-circulargauge/-/ej2-circulargauge-17.1.50.tgz",
      "integrity": "sha512-aSg5ahN+SHYYxhwNf7q8wJHoACFC/qDisjCTrrD9RlOtRyCluQss6Np41n6fW9/9OVjmDSCB/Feu3UeA+uzp7A==",
      "requires": {
        "@syncfusion/ej2-base": "~17.1.49",
        "@syncfusion/ej2-popups": "~17.1.50",
        "@syncfusion/ej2-svg-base": "~17.1.48"
      }
    },
    "@syncfusion/ej2-compression": {
      "version": "17.1.47",
      "resolved": "https://registry.npmjs.org/@syncfusion/ej2-compression/-/ej2-compression-17.1.47.tgz",
      "integrity": "sha512-EQbTzq6ib4lwrFu3MpKlxf8IEqy5RJW5fhMAyw4mHMSq0o5etbI5IUoJDXtey9R9ZoZ2xT5CDPMlSB1UWjlVng==",
      "requires": {
        "@syncfusion/ej2-file-utils": "~17.1.47"
      }
    },
    "@syncfusion/ej2-data": {
      "version": "17.1.51",
      "resolved": "https://registry.npmjs.org/@syncfusion/ej2-data/-/ej2-data-17.1.51.tgz",
      "integrity": "sha512-UmjLsqftaQfePhA61/a9BWOlNZML/Qat8a5aGotr3nbZmJHwmvIwWUYnYIP4+scKvgLj1UJ1cL47kftMoCOorQ==",
      "requires": {
        "@syncfusion/ej2-base": "~17.1.49"
      }
    },
    "@syncfusion/ej2-diagrams": {
      "version": "17.1.50",
      "resolved": "https://registry.npmjs.org/@syncfusion/ej2-diagrams/-/ej2-diagrams-17.1.50.tgz",
      "integrity": "sha512-vHKGDtaDRIoUgscNYbBoPdaOinn1B5wVfHJv8Oehwrl4fEUmsW+XKkEgdz8o5+DM6ojRtfNmqutkIamyMc33qA==",
      "requires": {
        "@syncfusion/ej2-base": "~17.1.49",
        "@syncfusion/ej2-buttons": "~17.1.50",
        "@syncfusion/ej2-data": "~17.1.50",
        "@syncfusion/ej2-inputs": "~17.1.50",
        "@syncfusion/ej2-lists": "~17.1.47",
        "@syncfusion/ej2-navigations": "~17.1.49",
        "@syncfusion/ej2-popups": "~17.1.50"
      }
    },
    "@syncfusion/ej2-documenteditor": {
      "version": "17.1.50",
      "resolved": "https://registry.npmjs.org/@syncfusion/ej2-documenteditor/-/ej2-documenteditor-17.1.50.tgz",
      "integrity": "sha512-/whfijh+E/ZypnC+xPDVJofzwev38Y3uHpFtqGdhHrdH7ox4IpEw3KzjuO9wHD96ZnZI2SQEL1G3pClBUI6Zcg==",
      "requires": {
        "@syncfusion/ej2-base": "~17.1.49",
        "@syncfusion/ej2-buttons": "~17.1.50",
        "@syncfusion/ej2-compression": "~17.1.47",
        "@syncfusion/ej2-dropdowns": "~17.1.49",
        "@syncfusion/ej2-file-utils": "~17.1.47",
        "@syncfusion/ej2-inputs": "~17.1.50",
        "@syncfusion/ej2-navigations": "~17.1.49",
        "@syncfusion/ej2-popups": "~17.1.50",
        "@syncfusion/ej2-splitbuttons": "~17.1.50"
      }
    },
    "@syncfusion/ej2-dropdowns": {
      "version": "17.1.49",
      "resolved": "https://registry.npmjs.org/@syncfusion/ej2-dropdowns/-/ej2-dropdowns-17.1.49.tgz",
      "integrity": "sha512-N8rFBzHnMnitFdJDO8rb1lIB7ZWnQ56EAOrL9H52phavDA/IQEQCs40cm69smQe5C29VRe9wvwDkP/WmKn3i2Q==",
      "requires": {
        "@syncfusion/ej2-base": "~17.1.49",
        "@syncfusion/ej2-data": "~17.1.47",
        "@syncfusion/ej2-inputs": "~17.1.49",
        "@syncfusion/ej2-lists": "~17.1.47",
        "@syncfusion/ej2-popups": "~17.1.47"
      }
    },
    "@syncfusion/ej2-excel-export": {
      "version": "17.1.50",
      "resolved": "https://registry.npmjs.org/@syncfusion/ej2-excel-export/-/ej2-excel-export-17.1.50.tgz",
      "integrity": "sha512-hW6H8G6hIM/MUi46IGCXnbngXV+cfvcmCIY2zHn2WKoEycySvSClW56ffLwgUK5ntd9RJjJlKNG9m4JSqwxPIA==",
      "requires": {
        "@syncfusion/ej2-base": "~17.1.49",
        "@syncfusion/ej2-compression": "~17.1.47"
      }
    },
    "@syncfusion/ej2-file-utils": {
      "version": "17.1.47",
      "resolved": "https://registry.npmjs.org/@syncfusion/ej2-file-utils/-/ej2-file-utils-17.1.47.tgz",
      "integrity": "sha512-656yi7HJBRGpGmWngZFBB7di5iTzjzE+Gk8aOYMOaZSmTbGFEU7SNR28G41UkqSr+HXnHrrWFc32SneIu3uXiQ=="
    },
    "@syncfusion/ej2-filemanager": {
      "version": "17.1.48",
      "resolved": "https://registry.npmjs.org/@syncfusion/ej2-filemanager/-/ej2-filemanager-17.1.48.tgz",
      "integrity": "sha512-P2JCtD7uZIoCVXYTYBl1StZ62fN70kdN8nN7+ttRE5JFAmXBbOI9v9eB5S1pflIwQITf0J/+8CaAgHJPQmN1Cg==",
      "requires": {
        "@syncfusion/ej2-grids": "~17.1.48",
        "@syncfusion/ej2-layouts": "~17.1.48"
      }
    },
    "@syncfusion/ej2-gantt": {
      "version": "17.1.49",
      "resolved": "https://registry.npmjs.org/@syncfusion/ej2-gantt/-/ej2-gantt-17.1.49.tgz",
      "integrity": "sha512-6+k5nAvHCxZ3A271K18VumZCGgGh7WlhPfXIYWDicABkiIqyhCXzmynPXlry7csyWakvco/DxVZ6+LyZOkfD6A==",
      "requires": {
        "@syncfusion/ej2-base": "~17.1.49",
        "@syncfusion/ej2-buttons": "~17.1.47",
        "@syncfusion/ej2-calendars": "~17.1.49",
        "@syncfusion/ej2-data": "~17.1.47",
        "@syncfusion/ej2-dropdowns": "~17.1.49",
        "@syncfusion/ej2-grids": "~17.1.48",
        "@syncfusion/ej2-inputs": "~17.1.49",
        "@syncfusion/ej2-layouts": "~17.1.49",
        "@syncfusion/ej2-lists": "~17.1.47",
        "@syncfusion/ej2-navigations": "~17.1.49",
        "@syncfusion/ej2-popups": "~17.1.47",
        "@syncfusion/ej2-richtexteditor": "~17.1.49",
        "@syncfusion/ej2-treegrid": "~17.1.49"
      }
    },
    "@syncfusion/ej2-grids": {
      "version": "17.1.51",
      "resolved": "https://registry.npmjs.org/@syncfusion/ej2-grids/-/ej2-grids-17.1.51.tgz",
      "integrity": "sha512-c6xqVy5EnoGQC9FF6LRneOj1Zlul1Iwge9Jt3gcYo892C5eCm4IdiLugqcVk93kzf0k7ZtokZTTBWdZB8OP4cw==",
      "requires": {
        "@syncfusion/ej2-base": "~17.1.49",
        "@syncfusion/ej2-buttons": "~17.1.50",
        "@syncfusion/ej2-calendars": "~17.1.51",
        "@syncfusion/ej2-compression": "~17.1.47",
        "@syncfusion/ej2-data": "~17.1.51",
        "@syncfusion/ej2-dropdowns": "~17.1.49",
        "@syncfusion/ej2-excel-export": "~17.1.50",
        "@syncfusion/ej2-file-utils": "~17.1.47",
        "@syncfusion/ej2-inputs": "~17.1.50",
        "@syncfusion/ej2-lists": "~17.1.47",
        "@syncfusion/ej2-navigations": "~17.1.49",
        "@syncfusion/ej2-pdf-export": "~17.1.48",
        "@syncfusion/ej2-popups": "~17.1.50",
        "@syncfusion/ej2-splitbuttons": "~17.1.51"
      }
    },
    "@syncfusion/ej2-heatmap": {
      "version": "17.1.47",
      "resolved": "https://registry.npmjs.org/@syncfusion/ej2-heatmap/-/ej2-heatmap-17.1.47.tgz",
      "integrity": "sha512-UoIkNqohhnkL4aUcECvAYfIxFs3pxXoeuIdBFW9t07EKpLYOc+d4FtshG4rC4rtqw3abBO42p5QgADycCt5D+w==",
      "requires": {
        "@syncfusion/ej2-base": "~17.1.47",
        "@syncfusion/ej2-data": "~17.1.47",
        "@syncfusion/ej2-svg-base": "~17.1.47"
      }
    },
    "@syncfusion/ej2-icons": {
      "version": "17.1.47",
      "resolved": "https://registry.npmjs.org/@syncfusion/ej2-icons/-/ej2-icons-17.1.47.tgz",
      "integrity": "sha512-g822Rce4GxOkIoqrZ+2C+1oDjDhL3MZ4nbE0dAGaydYSsiOqkuBEwNgV2eupR41QCg6ic93IbhiPmHCKG4HoBA=="
    },
    "@syncfusion/ej2-inplace-editor": {
      "version": "17.1.51",
      "resolved": "https://registry.npmjs.org/@syncfusion/ej2-inplace-editor/-/ej2-inplace-editor-17.1.51.tgz",
      "integrity": "sha512-GyDoFfiBlAvmv/KBIsdsdywmiKlCbILVuVMbXD2yW2YKbnFee72UAjHmsLfzOMmPdL83ZB5TMpbAHjkKH7FbcQ==",
      "requires": {
        "@syncfusion/ej2-base": "~17.1.49",
        "@syncfusion/ej2-buttons": "~17.1.50",
        "@syncfusion/ej2-calendars": "~17.1.51",
        "@syncfusion/ej2-data": "~17.1.51",
        "@syncfusion/ej2-dropdowns": "~17.1.49",
        "@syncfusion/ej2-inputs": "~17.1.50",
        "@syncfusion/ej2-lists": "~17.1.47",
        "@syncfusion/ej2-navigations": "~17.1.49",
        "@syncfusion/ej2-popups": "~17.1.50",
        "@syncfusion/ej2-richtexteditor": "~17.1.49",
        "@syncfusion/ej2-splitbuttons": "~17.1.51"
      }
    },
    "@syncfusion/ej2-inputs": {
      "version": "17.1.50",
      "resolved": "https://registry.npmjs.org/@syncfusion/ej2-inputs/-/ej2-inputs-17.1.50.tgz",
      "integrity": "sha512-fo5fZU+kUMvjJgmdmaZCpbcHXgFPRhOY1WTg2IqxTSYOjo/0XnOjhpubAKcqIhdzgLFL6mj3461JGYwbYgQkBw==",
      "requires": {
        "@syncfusion/ej2-base": "~17.1.49",
        "@syncfusion/ej2-buttons": "~17.1.50",
        "@syncfusion/ej2-popups": "~17.1.50",
        "@syncfusion/ej2-splitbuttons": "~17.1.50"
      }
    },
    "@syncfusion/ej2-layouts": {
      "version": "17.1.51",
      "resolved": "https://registry.npmjs.org/@syncfusion/ej2-layouts/-/ej2-layouts-17.1.51.tgz",
      "integrity": "sha512-ILQl/9vcNs6pEv3JIucy1NtiQ+Up+VuH7/n7U3zW4tnPHtN6QjD1sF7/EzuWT2VzFu7RPPruS1kuWpqmUdKTAg==",
      "requires": {
        "@syncfusion/ej2-base": "~17.1.49"
      }
    },
    "@syncfusion/ej2-lineargauge": {
      "version": "17.1.48",
      "resolved": "https://registry.npmjs.org/@syncfusion/ej2-lineargauge/-/ej2-lineargauge-17.1.48.tgz",
      "integrity": "sha512-AEJPp5U4AsEDOyEoUdQbJApXwemADsP5MHKKFGngq4BNveSpDT5Yl5xPJ6kYbOgtX8rd5kS1Ipe8C2ijH6732w==",
      "requires": {
        "@syncfusion/ej2-base": "~17.1.48",
        "@syncfusion/ej2-popups": "~17.1.47",
        "@syncfusion/ej2-svg-base": "~17.1.48"
      }
    },
    "@syncfusion/ej2-lists": {
      "version": "17.1.47",
      "resolved": "https://registry.npmjs.org/@syncfusion/ej2-lists/-/ej2-lists-17.1.47.tgz",
      "integrity": "sha512-KYrT5t7/XkqYIG2RiWdLUgBcm8LRIbPP+htzGaYqSDQ/CxxMZS4sJUYLOrqJm5SwpxMqAIcE4wdnpg2Dxetn5g==",
      "requires": {
        "@syncfusion/ej2-base": "~17.1.47",
        "@syncfusion/ej2-buttons": "~17.1.47",
        "@syncfusion/ej2-data": "~17.1.47"
      }
    },
    "@syncfusion/ej2-maps": {
      "version": "17.1.51",
      "resolved": "https://registry.npmjs.org/@syncfusion/ej2-maps/-/ej2-maps-17.1.51.tgz",
      "integrity": "sha512-cZcIOkFvbHLuAnCfYoyeIR+UKN1R7fyx5j2hVpFU/x9VoI+Oo2wqA4rGRnmMolShdv1dbnc+XL4yf3D8dSoJKA==",
      "requires": {
        "@syncfusion/ej2-base": "~17.1.49",
        "@syncfusion/ej2-compression": "~17.1.47",
        "@syncfusion/ej2-data": "~17.1.51",
        "@syncfusion/ej2-file-utils": "~17.1.47",
        "@syncfusion/ej2-pdf-export": "~17.1.48",
        "@syncfusion/ej2-popups": "~17.1.50",
        "@syncfusion/ej2-svg-base": "~17.1.48"
      }
    },
    "@syncfusion/ej2-navigations": {
      "version": "17.1.49",
      "resolved": "https://registry.npmjs.org/@syncfusion/ej2-navigations/-/ej2-navigations-17.1.49.tgz",
      "integrity": "sha512-zBw48P+r2LFUvqbF4YdsBBiEGpTxgzxgbWNHYCKFwElaTEhE6yiJtE0HOyOlC12p4bc2unTFcy8fn2uBI2ldOw==",
      "requires": {
        "@syncfusion/ej2-base": "~17.1.49",
        "@syncfusion/ej2-buttons": "~17.1.47",
        "@syncfusion/ej2-data": "~17.1.47",
        "@syncfusion/ej2-inputs": "~17.1.49",
        "@syncfusion/ej2-lists": "~17.1.47",
        "@syncfusion/ej2-popups": "~17.1.47"
      }
    },
    "@syncfusion/ej2-notifications": {
      "version": "17.1.48",
      "resolved": "https://registry.npmjs.org/@syncfusion/ej2-notifications/-/ej2-notifications-17.1.48.tgz",
      "integrity": "sha512-Hci/zFeqYw2w1wZXdK1W2A7NZlgFw5q4muT4UNsye0FJ2CD+qLrhGdjr1LZ62Rt09mhr2tCi6vpx1YlBbMxgOQ==",
      "requires": {
        "@syncfusion/ej2-base": "~17.1.48",
        "@syncfusion/ej2-buttons": "~17.1.47",
        "@syncfusion/ej2-popups": "~17.1.47"
      }
    },
    "@syncfusion/ej2-pdf-export": {
      "version": "17.1.48",
      "resolved": "https://registry.npmjs.org/@syncfusion/ej2-pdf-export/-/ej2-pdf-export-17.1.48.tgz",
      "integrity": "sha512-4MWHiPI9YDnoRioX8NclzQp1F1ogS0ePIogQBBgiXNnxOy8LH8zirFqkYAwR6amlM/3YpK1bgIdgd47/QG2Q9g==",
      "requires": {
        "@syncfusion/ej2-compression": "~17.1.47"
      }
    },
    "@syncfusion/ej2-pdfviewer": {
      "version": "17.1.52",
      "resolved": "https://registry.npmjs.org/@syncfusion/ej2-pdfviewer/-/ej2-pdfviewer-17.1.52.tgz",
      "integrity": "sha512-Z2mYOdobnOq0/jPL5T5qXd6f9ihj6NnmaPRdBkUi1WARNO+RT5t3HY7rlVBS96bTlExiGwRBb9RwNQhkGESUFQ==",
      "requires": {
        "@syncfusion/ej2-base": "*",
        "@syncfusion/ej2-buttons": "*",
        "@syncfusion/ej2-data": "*",
        "@syncfusion/ej2-dropdowns": "*",
        "@syncfusion/ej2-inputs": "*",
        "@syncfusion/ej2-lists": "*",
        "@syncfusion/ej2-navigations": "*",
        "@syncfusion/ej2-notifications": "*",
        "@syncfusion/ej2-popups": "*"
      }
    },
    "@syncfusion/ej2-pivotview": {
      "version": "17.1.49",
      "resolved": "https://registry.npmjs.org/@syncfusion/ej2-pivotview/-/ej2-pivotview-17.1.49.tgz",
      "integrity": "sha512-hdkzOKtucwET9L2ePuhkxMW5qU3KEras+wCKjRcvebAeKGdtVslDBAOQJMgHDaQflBo+WubfPtGZ0CF0nSo+Og==",
      "requires": {
        "@syncfusion/ej2-base": "~17.1.49",
        "@syncfusion/ej2-buttons": "~17.1.47",
        "@syncfusion/ej2-calendars": "~17.1.49",
        "@syncfusion/ej2-charts": "~17.1.49",
        "@syncfusion/ej2-compression": "~17.1.47",
        "@syncfusion/ej2-data": "~17.1.47",
        "@syncfusion/ej2-dropdowns": "~17.1.49",
        "@syncfusion/ej2-excel-export": "~17.1.47",
        "@syncfusion/ej2-file-utils": "~17.1.47",
        "@syncfusion/ej2-grids": "~17.1.48",
        "@syncfusion/ej2-inputs": "~17.1.49",
        "@syncfusion/ej2-lists": "~17.1.47",
        "@syncfusion/ej2-navigations": "~17.1.49",
        "@syncfusion/ej2-pdf-export": "~17.1.48",
        "@syncfusion/ej2-popups": "~17.1.47",
        "@syncfusion/ej2-svg-base": "~17.1.48"
      }
    },
    "@syncfusion/ej2-popups": {
      "version": "17.1.50",
      "resolved": "https://registry.npmjs.org/@syncfusion/ej2-popups/-/ej2-popups-17.1.50.tgz",
      "integrity": "sha512-gtEp2FumTd9PrAde5L0/VW+xVAbNSWFdyJYrvc/Tztq00IPR2rR+X8c+zAjH36wn2klVPyxMlw6L0Ea8SoTFrw==",
      "requires": {
        "@syncfusion/ej2-base": "~17.1.49",
        "@syncfusion/ej2-buttons": "~17.1.50"
      }
    },
    "@syncfusion/ej2-querybuilder": {
      "version": "17.1.51",
      "resolved": "https://registry.npmjs.org/@syncfusion/ej2-querybuilder/-/ej2-querybuilder-17.1.51.tgz",
      "integrity": "sha512-lR7pUeYH3Na6GZuLaRAcvQUgGT4Moalpg+Jr7JY1QEkfkKmJS0t213EY4PVdQNHx9CeB/5u3uqL1pmdgVpG8pQ==",
      "requires": {
        "@syncfusion/ej2-base": "~17.1.49",
        "@syncfusion/ej2-buttons": "~17.1.50",
        "@syncfusion/ej2-calendars": "~17.1.51",
        "@syncfusion/ej2-dropdowns": "~17.1.49",
        "@syncfusion/ej2-inputs": "~17.1.50",
        "@syncfusion/ej2-splitbuttons": "~17.1.51"
      }
    },
    "@syncfusion/ej2-richtexteditor": {
      "version": "17.1.49",
      "resolved": "https://registry.npmjs.org/@syncfusion/ej2-richtexteditor/-/ej2-richtexteditor-17.1.49.tgz",
      "integrity": "sha512-D89Vhp+ghTc4yAN1k+d5CSi9mCmCKqL6BRDWZc2rFhmZDtnIgrzTWtkcEEIHzy4o/+hF8AbO9Gnp3obpoU2zEA==",
      "requires": {
        "@syncfusion/ej2-base": "~17.1.49",
        "@syncfusion/ej2-navigations": "~17.1.49",
        "@syncfusion/ej2-popups": "~17.1.47",
        "@syncfusion/ej2-splitbuttons": "~17.1.47"
      }
    },
    "@syncfusion/ej2-schedule": {
      "version": "17.1.51",
      "resolved": "https://registry.npmjs.org/@syncfusion/ej2-schedule/-/ej2-schedule-17.1.51.tgz",
      "integrity": "sha512-yEjfhbRtERDWigltXsi5g/+GDSq+1P+jhnxbhQOgiGpDLhMJwuWYQ61PtUONmxQpFFusr+d3VF/hyUmPD2eUGQ==",
      "requires": {
        "@syncfusion/ej2-base": "~17.1.49",
        "@syncfusion/ej2-buttons": "~17.1.50",
        "@syncfusion/ej2-calendars": "~17.1.51",
        "@syncfusion/ej2-data": "~17.1.51",
        "@syncfusion/ej2-dropdowns": "~17.1.49",
        "@syncfusion/ej2-excel-export": "~17.1.50",
        "@syncfusion/ej2-inputs": "~17.1.50",
        "@syncfusion/ej2-lists": "~17.1.47",
        "@syncfusion/ej2-navigations": "~17.1.49",
        "@syncfusion/ej2-popups": "~17.1.50"
      }
    },
    "@syncfusion/ej2-splitbuttons": {
      "version": "17.1.51",
      "resolved": "https://registry.npmjs.org/@syncfusion/ej2-splitbuttons/-/ej2-splitbuttons-17.1.51.tgz",
      "integrity": "sha512-Ld0EcKg9ysChfK4dhNkEISJ/04p7dWe6KjbBKK4vMXxGlAiKuaOtDtpUlsXzfJfSKHqM0GLjEcgZPy1COt/cXA==",
      "requires": {
        "@syncfusion/ej2-base": "~17.1.49",
        "@syncfusion/ej2-popups": "~17.1.50"
      }
    },
    "@syncfusion/ej2-svg-base": {
      "version": "17.1.48",
      "resolved": "https://registry.npmjs.org/@syncfusion/ej2-svg-base/-/ej2-svg-base-17.1.48.tgz",
      "integrity": "sha512-vBuGRW7J1xMKBthkArkFAAIPcO4/IryNRl53ZeeBHk/bvS8Z/pxtgG2Fg1F/FQZX55ejtF+wX5kYlmk/Ul5edQ==",
      "requires": {
        "@syncfusion/ej2-base": "~17.1.48"
      }
    },
    "@syncfusion/ej2-treegrid": {
      "version": "17.1.51",
      "resolved": "https://registry.npmjs.org/@syncfusion/ej2-treegrid/-/ej2-treegrid-17.1.51.tgz",
      "integrity": "sha512-KyOlvnuxU3O/Ag890AzY3EyMdjlMbFcgmRKNF1BD7YD+OG3lczQNQdnArme0txsUK3WFXv74U0Lp8GE1STkPZg==",
      "requires": {
        "@syncfusion/ej2-base": "~17.1.49",
        "@syncfusion/ej2-data": "~17.1.51",
        "@syncfusion/ej2-grids": "~17.1.51",
        "@syncfusion/ej2-popups": "~17.1.50"
      }
    },
    "@syncfusion/ej2-treemap": {
      "version": "17.1.48",
      "resolved": "https://registry.npmjs.org/@syncfusion/ej2-treemap/-/ej2-treemap-17.1.48.tgz",
      "integrity": "sha512-TfG7iPV2bfRTJizBMbiNAhsRtLGRsy3Qwubqr1VEuB1BvuFJr7ORLZ+Fe5PQbXD5iIiQj7gtwDo+gnDDhKI+NA==",
      "requires": {
        "@syncfusion/ej2-base": "~17.1.48",
        "@syncfusion/ej2-compression": "~17.1.47",
        "@syncfusion/ej2-data": "~17.1.47",
        "@syncfusion/ej2-file-utils": "~17.1.47",
        "@syncfusion/ej2-pdf-export": "~17.1.48",
        "@syncfusion/ej2-svg-base": "~17.1.48"
      }
    },
    "tslib": {
      "version": "1.10.0",
      "resolved": "https://registry.npmjs.org/tslib/-/tslib-1.10.0.tgz",
      "integrity": "sha512-qOebF53frne81cf0S9B41ByenJ3/IuH8yJKngAX35CmiZySA0khhkovshKK+jGCaMnVomla7gVlIcc3EvKPbTQ=="
    }
  }
}
